<?xml version="1.0" encoding="utf-8"?>
<Project ToolsVersion="4.0" xmlns="http://schemas.microsoft.com/developer/msbuild/2003">
  <ItemGroup>
    <Filter Include="Source Files">
      <UniqueIdentifier>{8e153dfc-6ab5-44e0-89f9-c3887664b20b}</UniqueIdentifier>
    </Filter>
    <Filter Include="Source Files\Generated">
      <UniqueIdentifier>{9e4212e7-2fd0-4982-860d-1e7d361926a3}</UniqueIdentifier>
    </Filter>
    <Filter Include="Source Files\win32">
      <UniqueIdentifier>{849ba7cd-7564-4be2-9516-e5aefcffcc7d}</UniqueIdentifier>
    </Filter>
    <Filter Include="Source Files\missing">
      <UniqueIdentifier>{fe3ea53f-1593-43f1-a326-94ab4601080b}</UniqueIdentifier>
    </Filter>
    <Filter Include="Source Files\enc">
      <UniqueIdentifier>{1b5e35e6-b8ed-45bf-be74-f965cd10843a}</UniqueIdentifier>
    </Filter>
  </ItemGroup>
  <ItemGroup>
    <ClCompile Include="..\ruby\array.c">
      <Filter>Source Files</Filter>
    </ClCompile>
    <ClCompile Include="..\ruby\bignum.c">
      <Filter>Source Files</Filter>
    </ClCompile>
    <ClCompile Include="..\ruby\class.c">
      <Filter>Source Files</Filter>
    </ClCompile>
    <ClCompile Include="..\ruby\compar.c">
      <Filter>Source Files</Filter>
    </ClCompile>
    <ClCompile Include="..\ruby\compile.c">
      <Filter>Source Files</Filter>
    </ClCompile>
    <ClCompile Include="..\ruby\complex.c">
      <Filter>Source Files</Filter>
    </ClCompile>
    <ClCompile Include="..\ruby\cont.c">
      <Filter>Source Files</Filter>
    </ClCompile>
    <ClCompile Include="..\ruby\debug.c">
      <Filter>Source Files</Filter>
    </ClCompile>
    <ClCompile Include="..\ruby\dir.c">
      <Filter>Source Files</Filter>
    </ClCompile>
    <ClCompile Include="..\ruby\dln.c">
      <Filter>Source Files</Filter>
    </ClCompile>
    <ClCompile Include="..\ruby\dmyencoding.c">
      <Filter>Source Files</Filter>
    </ClCompile>
    <ClCompile Include="..\ruby\dmyext.c">
      <Filter>Source Files</Filter>
    </ClCompile>
    <ClCompile Include="..\ruby\enum.c">
      <Filter>Source Files</Filter>
    </ClCompile>
    <ClCompile Include="..\ruby\enumerator.c">
      <Filter>Source Files</Filter>
    </ClCompile>
    <ClCompile Include="..\ruby\error.c">
      <Filter>Source Files</Filter>
    </ClCompile>
    <ClCompile Include="..\ruby\eval.c">
      <Filter>Source Files</Filter>
    </ClCompile>
    <ClCompile Include="..\ruby\file.c">
      <Filter>Source Files</Filter>
    </ClCompile>
    <ClCompile Include="..\ruby\gc.c">
      <Filter>Source Files</Filter>
    </ClCompile>
    <ClCompile Include="..\ruby\hash.c">
      <Filter>Source Files</Filter>
    </ClCompile>
    <ClCompile Include="..\ruby\inits.c">
      <Filter>Source Files</Filter>
    </ClCompile>
    <ClCompile Include="..\ruby\io.c">
      <Filter>Source Files</Filter>
    </ClCompile>
    <ClCompile Include="..\ruby\iseq.c">
      <Filter>Source Files</Filter>
    </ClCompile>
    <ClCompile Include="..\ruby\load.c">
      <Filter>Source Files</Filter>
    </ClCompile>
    <ClCompile Include="..\ruby\marshal.c">
      <Filter>Source Files</Filter>
    </ClCompile>
    <ClCompile Include="..\ruby\math.c">
      <Filter>Source Files</Filter>
    </ClCompile>
    <ClCompile Include="..\ruby\numeric.c">
      <Filter>Source Files</Filter>
    </ClCompile>
    <ClCompile Include="..\ruby\object.c">
      <Filter>Source Files</Filter>
    </ClCompile>
    <ClCompile Include="..\ruby\pack.c">
      <Filter>Source Files</Filter>
    </ClCompile>
    <ClCompile Include="..\ruby\proc.c">
      <Filter>Source Files</Filter>
    </ClCompile>
    <ClCompile Include="..\ruby\process.c">
      <Filter>Source Files</Filter>
    </ClCompile>
    <ClCompile Include="..\ruby\random.c">
      <Filter>Source Files</Filter>
    </ClCompile>
    <ClCompile Include="..\ruby\range.c">
      <Filter>Source Files</Filter>
    </ClCompile>
    <ClCompile Include="..\ruby\rational.c">
      <Filter>Source Files</Filter>
    </ClCompile>
    <ClCompile Include="..\ruby\re.c">
      <Filter>Source Files</Filter>
    </ClCompile>
    <ClCompile Include="..\ruby\regcomp.c">
      <Filter>Source Files</Filter>
    </ClCompile>
    <ClCompile Include="..\ruby\regenc.c">
      <Filter>Source Files</Filter>
    </ClCompile>
    <ClCompile Include="..\ruby\regerror.c">
      <Filter>Source Files</Filter>
    </ClCompile>
    <ClCompile Include="..\ruby\regexec.c">
      <Filter>Source Files</Filter>
    </ClCompile>
    <ClCompile Include="..\ruby\regparse.c">
      <Filter>Source Files</Filter>
    </ClCompile>
    <ClCompile Include="..\ruby\regsyntax.c">
      <Filter>Source Files</Filter>
    </ClCompile>
    <ClCompile Include="..\ruby\ruby.c">
      <Filter>Source Files</Filter>
    </ClCompile>
    <ClCompile Include="..\ruby\safe.c">
      <Filter>Source Files</Filter>
    </ClCompile>
    <ClCompile Include="..\ruby\signal.c">
      <Filter>Source Files</Filter>
    </ClCompile>
    <ClCompile Include="..\ruby\sprintf.c">
      <Filter>Source Files</Filter>
    </ClCompile>
    <ClCompile Include="..\ruby\st.c">
      <Filter>Source Files</Filter>
    </ClCompile>
    <ClCompile Include="..\ruby\strftime.c">
      <Filter>Source Files</Filter>
    </ClCompile>
    <ClCompile Include="..\ruby\string.c">
      <Filter>Source Files</Filter>
    </ClCompile>
    <ClCompile Include="..\ruby\struct.c">
      <Filter>Source Files</Filter>
    </ClCompile>
    <ClCompile Include="..\ruby\thread.c">
      <Filter>Source Files</Filter>
    </ClCompile>
    <ClCompile Include="..\ruby\time.c">
      <Filter>Source Files</Filter>
    </ClCompile>
    <ClCompile Include="..\ruby\transcode.c">
      <Filter>Source Files</Filter>
    </ClCompile>
    <ClCompile Include="..\ruby\util.c">
      <Filter>Source Files</Filter>
    </ClCompile>
    <ClCompile Include="..\ruby\variable.c">
      <Filter>Source Files</Filter>
    </ClCompile>
    <ClCompile Include="..\ruby\version.c">
      <Filter>Source Files</Filter>
    </ClCompile>
    <ClCompile Include="..\ruby\vm.c">
      <Filter>Source Files</Filter>
    </ClCompile>
    <ClCompile Include="..\ruby\vm_dump.c">
      <Filter>Source Files</Filter>
    </ClCompile>
    <ClCompile Include="..\ruby\generated\parse.c">
      <Filter>Source Files\Generated</Filter>
    </ClCompile>
    <ClCompile Include="..\ruby\win32\miniprelude.c">
      <Filter>Source Files\win32</Filter>
    </ClCompile>
    <ClCompile Include="..\ruby\win32\newline.c">
      <Filter>Source Files\win32</Filter>
    </ClCompile>
    <ClCompile Include="..\ruby\win32\win32.c">
      <Filter>Source Files\win32</Filter>
    </ClCompile>
    <ClCompile Include="..\ruby\missing\acosh.c">
      <Filter>Source Files\missing</Filter>
    </ClCompile>
    <ClCompile Include="..\ruby\missing\cbrt.c">
      <Filter>Source Files\missing</Filter>
    </ClCompile>
    <ClCompile Include="..\ruby\missing\crypt.c">
      <Filter>Source Files\missing</Filter>
    </ClCompile>
    <ClCompile Include="..\ruby\missing\dup2.c">
      <Filter>Source Files\missing</Filter>
    </ClCompile>
    <ClCompile Include="..\ruby\missing\erf.c">
      <Filter>Source Files\missing</Filter>
    </ClCompile>
    <ClCompile Include="..\ruby\missing\hypot.c">
      <Filter>Source Files\missing</Filter>
    </ClCompile>
    <ClCompile Include="..\ruby\missing\lgamma_r.c">
      <Filter>Source Files\missing</Filter>
    </ClCompile>
    <ClCompile Include="..\ruby\missing\strlcat.c">
      <Filter>Source Files\missing</Filter>
    </ClCompile>
    <ClCompile Include="..\ruby\missing\strlcpy.c">
      <Filter>Source Files\missing</Filter>
    </ClCompile>
    <ClCompile Include="..\ruby\missing\tgamma.c">
      <Filter>Source Files\missing</Filter>
    </ClCompile>
    <ClCompile Include="..\ruby\enc\ascii.c">
      <Filter>Source Files\enc</Filter>
    </ClCompile>
    <ClCompile Include="..\ruby\enc\unicode.c">
      <Filter>Source Files\enc</Filter>
    </ClCompile>
    <ClCompile Include="..\ruby\enc\us_ascii.c">
      <Filter>Source Files\enc</Filter>
    </ClCompile>
    <ClCompile Include="..\ruby\enc\utf_8.c">
      <Filter>Source Files\enc</Filter>
    </ClCompile>
    <ClCompile Include="..\ruby\enc\encdb.c">
      <Filter>Source Files\enc</Filter>
    </ClCompile>
    <ClCompile Include="..\ruby\dln_find.c">
      <Filter>Source Files</Filter>
    </ClCompile>
  </ItemGroup>
  <ItemGroup>
    <ClInclude Include="..\ruby\debug.h">
      <Filter>Source Files</Filter>
    </ClInclude>
    <ClInclude Include="..\ruby\dln.h">
      <Filter>Source Files</Filter>
    </ClInclude>
    <ClInclude Include="..\ruby\eval_intern.h">
      <Filter>Source Files</Filter>
    </ClInclude>
    <ClInclude Include="..\ruby\gc.h">
      <Filter>Source Files</Filter>
    </ClInclude>
    <ClInclude Include="..\ruby\id.h">
      <Filter>Source Files</Filter>
    </ClInclude>
    <ClInclude Include="..\ruby\regenc.h">
      <Filter>Source Files</Filter>
    </ClInclude>
    <ClInclude Include="..\ruby\regint.h">
      <Filter>Source Files</Filter>
    </ClInclude>
    <ClInclude Include="..\ruby\regparse.h">
      <Filter>Source Files</Filter>
    </ClInclude>
    <ClInclude Include="..\ruby\revision.h">
      <Filter>Source Files</Filter>
    </ClInclude>
    <ClInclude Include="..\ruby\transcode_data.h">
      <Filter>Source Files</Filter>
    </ClInclude>
    <ClInclude Include="..\ruby\version.h">
      <Filter>Source Files</Filter>
    </ClInclude>
    <ClInclude Include="..\ruby\vm_core.h">
      <Filter>Source Files</Filter>
    </ClInclude>
    <ClInclude Include="..\ruby\vm_opts.h">
      <Filter>Source Files</Filter>
    </ClInclude>
    <ClInclude Include="..\ruby\win32\dir.h">
      <Filter>Source Files\win32</Filter>
    </ClInclude>
  </ItemGroup>
</Project>